<?xml version="1.0" encoding="utf-8"?>
<Project ToolsVersion="4.0" xmlns="http://schemas.microsoft.com/developer/msbuild/2003">
  <ItemGroup>
    <Filter Include="Kragen">
      <UniqueIdentifier>{BDC917BF-A96B-4295-9226-56E97E67C9E5}</UniqueIdentifier>
    </Filter>
    <Filter Include="Kragen\Events">
      <UniqueIdentifier>{017F6BE7-6D3F-E71D-367A-309BA2F92BFA}</UniqueIdentifier>
    </Filter>
    <Filter Include="Platform">
      <UniqueIdentifier>{2AC788B4-1694-E3BF-3FAD-D1672BD9184E}</UniqueIdentifier>
    </Filter>
    <Filter Include="Platform\Windows">
      <UniqueIdentifier>{64FBD71A-50F4-F66C-7926-DCF1657ED678}</UniqueIdentifier>
    </Filter>
  </ItemGroup>
  <ItemGroup>
    <ClInclude Include="src\Kragen.h" />
    <ClInclude Include="src\Kragen\Application.h">
      <Filter>Kragen</Filter>
    </ClInclude>
    <ClInclude Include="src\Kragen\Core.h">
      <Filter>Kragen</Filter>
    </ClInclude>
    <ClInclude Include="src\Kragen\EntryPoint.h">
      <Filter>Kragen</Filter>
    </ClInclude>
    <ClInclude Include="src\Kragen\Events\ApplicationEvent.h">
      <Filter>Kragen\Events</Filter>
    </ClInclude>
    <ClInclude Include="src\Kragen\Events\Event.h">
      <Filter>Kragen\Events</Filter>
    </ClInclude>
    <ClInclude Include="src\Kragen\Events\KeyEvent.h">
      <Filter>Kragen\Events</Filter>
    </ClInclude>
    <ClInclude Include="src\Kragen\Events\MouseEvent.h">
      <Filter>Kragen\Events</Filter>
    </ClInclude>
    <ClInclude Include="src\Kragen\Layer.h">
      <Filter>Kragen</Filter>
    </ClInclude>
    <ClInclude Include="src\Kragen\LayerStack.h">
      <Filter>Kragen</Filter>
    </ClInclude>
    <ClInclude Include="src\Kragen\Log.h">
      <Filter>Kragen</Filter>
    </ClInclude>
    <ClInclude Include="src\Kragen\Window.h">
      <Filter>Kragen</Filter>
    </ClInclude>
    <ClInclude Include="src\Platform\Windows\WindowsWindow.h">
      <Filter>Platform\Windows</Filter>
    </ClInclude>
    <ClInclude Include="src\krpch.h" />
  </ItemGroup>
  <ItemGroup>
    <ClCompile Include="src\Kragen\Application.cpp">
      <Filter>Kragen</Filter>
    </ClCompile>
    <ClCompile Include="src\Kragen\Layer.cpp">
      <Filter>Kragen</Filter>
    </ClCompile>
    <ClCompile Include="src\Kragen\LayerStack.cpp">
      <Filter>Kragen</Filter>
    </ClCompile>
    <ClCompile Include="src\Kragen\Log.cpp">
      <Filter>Kragen</Filter>
    </ClCompile>
    <ClCompile Include="src\Platform\Windows\WindowsWindow.cpp">
      <Filter>Platform\Windows</Filter>
    </ClCompile>
    <ClCompile Include="src\krpch.cpp" />
  </ItemGroup>
</Project>